// !$*UTF8*$!
{
	archiveVersion = 1;
	classes = {
	};
	objectVersion = 56;
	objects = {

/* Begin PBXBuildFile section */
		2C91CF7122A2A2BBCDD218FF /* Pods_AccountKeeper.framework in Frameworks */ = {isa = PBXBuildFile; fileRef = 97662E33E0AF42F98A937556 /* Pods_AccountKeeper.framework */; };
		CE2B0DE92A495AB200C0099B /* Localizable.strings in Resources */ = {isa = PBXBuildFile; fileRef = CE2B0DEB2A495AB200C0099B /* Localizable.strings */; };
		CE2B0DEE2A4965CF00C0099B /* swiftgen.yml in Resources */ = {isa = PBXBuildFile; fileRef = CE2B0DED2A4965CF00C0099B /* swiftgen.yml */; };
		CE2B0DF32A4967B200C0099B /* XCAssets+Generated.swift in Sources */ = {isa = PBXBuildFile; fileRef = CE2B0DF22A4967B200C0099B /* XCAssets+Generated.swift */; };
		CE2B0DF52A4969B300C0099B /* Strings+Generated.swift in Sources */ = {isa = PBXBuildFile; fileRef = CE2B0DF42A4969B300C0099B /* Strings+Generated.swift */; };
		CE2B0DFF2A4973DE00C0099B /* SideMenuViewController.swift in Sources */ = {isa = PBXBuildFile; fileRef = CE2B0DFA2A4973DE00C0099B /* SideMenuViewController.swift */; };
		CE2B0E022A4973EA00C0099B /* SideMenu.storyboard in Resources */ = {isa = PBXBuildFile; fileRef = CE2B0E012A4973EA00C0099B /* SideMenu.storyboard */; };
		CE2B0E042A49764E00C0099B /* MenuCellType.swift in Sources */ = {isa = PBXBuildFile; fileRef = CE2B0E032A49764E00C0099B /* MenuCellType.swift */; };
		CE2B0E102A49992E00C0099B /* SettingsAssembler.swift in Sources */ = {isa = PBXBuildFile; fileRef = CE2B0E0B2A49992E00C0099B /* SettingsAssembler.swift */; };
		CE2B0E112A49992E00C0099B /* SettingsNavigator.swift in Sources */ = {isa = PBXBuildFile; fileRef = CE2B0E0C2A49992E00C0099B /* SettingsNavigator.swift */; };
		CE2B0E122A49992E00C0099B /* SettingsUseCase.swift in Sources */ = {isa = PBXBuildFile; fileRef = CE2B0E0D2A49992E00C0099B /* SettingsUseCase.swift */; };
		CE2B0E132A49992E00C0099B /* SettingsViewController.swift in Sources */ = {isa = PBXBuildFile; fileRef = CE2B0E0E2A49992E00C0099B /* SettingsViewController.swift */; };
		CE2B0E142A49992E00C0099B /* SettingsViewModel.swift in Sources */ = {isa = PBXBuildFile; fileRef = CE2B0E0F2A49992E00C0099B /* SettingsViewModel.swift */; };
		CE2B0E162A49993700C0099B /* Settings.storyboard in Resources */ = {isa = PBXBuildFile; fileRef = CE2B0E152A49993700C0099B /* Settings.storyboard */; };
		CE2B0E1A2A499EC900C0099B /* MenuTableViewCell.swift in Sources */ = {isa = PBXBuildFile; fileRef = CE2B0E182A499EC900C0099B /* MenuTableViewCell.swift */; };
		CE2B0E1B2A499EC900C0099B /* MenuTableViewCell.xib in Resources */ = {isa = PBXBuildFile; fileRef = CE2B0E192A499EC900C0099B /* MenuTableViewCell.xib */; };
		CE2B0E202A4AAD7C00C0099B /* SettingsTableViewCell.swift in Sources */ = {isa = PBXBuildFile; fileRef = CE2B0E1E2A4AAD7C00C0099B /* SettingsTableViewCell.swift */; };
		CE2B0E212A4AAD7C00C0099B /* SettingsTableViewCell.xib in Resources */ = {isa = PBXBuildFile; fileRef = CE2B0E1F2A4AAD7C00C0099B /* SettingsTableViewCell.xib */; };
		CE2B0E232A4AC60800C0099B /* SettingsCellType.swift in Sources */ = {isa = PBXBuildFile; fileRef = CE2B0E222A4AC60800C0099B /* SettingsCellType.swift */; };
		CE2B0E252A4ACF8300C0099B /* LAContext+.swift in Sources */ = {isa = PBXBuildFile; fileRef = CE2B0E242A4ACF8300C0099B /* LAContext+.swift */; };
		CE2B0E272A4AE0D200C0099B /* PasscodEntity.swift in Sources */ = {isa = PBXBuildFile; fileRef = CE2B0E262A4AE0D200C0099B /* PasscodEntity.swift */; };
		CE39BCB22A43603D00BCF90D /* KeychainManager.swift in Sources */ = {isa = PBXBuildFile; fileRef = CE39BCB12A43603D00BCF90D /* KeychainManager.swift */; };
		CE39BCB42A449C3E00BCF90D /* Realm+.swift in Sources */ = {isa = PBXBuildFile; fileRef = CE39BCB32A449C3E00BCF90D /* Realm+.swift */; };
		CE4398902A46B80B00EEE16D /* UIView+.swift in Sources */ = {isa = PBXBuildFile; fileRef = CE43988F2A46B80B00EEE16D /* UIView+.swift */; };
		CE4398942A46C28400EEE16D /* UIColor+.swift in Sources */ = {isa = PBXBuildFile; fileRef = CE4398932A46C28400EEE16D /* UIColor+.swift */; };
		CE4398982A46C68900EEE16D /* AccountFooterView.swift in Sources */ = {isa = PBXBuildFile; fileRef = CE4398972A46C68900EEE16D /* AccountFooterView.swift */; };
		CE43989A2A46C69300EEE16D /* AccountFooterView.xib in Resources */ = {isa = PBXBuildFile; fileRef = CE4398992A46C69300EEE16D /* AccountFooterView.xib */; };
		CE4398A12A48340F00EEE16D /* AddAccountAssembler.swift in Sources */ = {isa = PBXBuildFile; fileRef = CE43989C2A48340F00EEE16D /* AddAccountAssembler.swift */; };
		CE4398A22A48340F00EEE16D /* AddAccountNavigator.swift in Sources */ = {isa = PBXBuildFile; fileRef = CE43989D2A48340F00EEE16D /* AddAccountNavigator.swift */; };
		CE4398A32A48340F00EEE16D /* AddAccountUseCase.swift in Sources */ = {isa = PBXBuildFile; fileRef = CE43989E2A48340F00EEE16D /* AddAccountUseCase.swift */; };
		CE4398A42A48340F00EEE16D /* AddAccountViewController.swift in Sources */ = {isa = PBXBuildFile; fileRef = CE43989F2A48340F00EEE16D /* AddAccountViewController.swift */; };
		CE4398A52A48340F00EEE16D /* AddAccountViewModel.swift in Sources */ = {isa = PBXBuildFile; fileRef = CE4398A02A48340F00EEE16D /* AddAccountViewModel.swift */; };
		CE4398A72A48343F00EEE16D /* AddAccount.storyboard in Resources */ = {isa = PBXBuildFile; fileRef = CE4398A62A48343F00EEE16D /* AddAccount.storyboard */; };
		CE4398A92A4882EF00EEE16D /* Constants.swift in Sources */ = {isa = PBXBuildFile; fileRef = CE4398A82A4882EF00EEE16D /* Constants.swift */; };
		CE4398AB2A48922300EEE16D /* ObservableType+.swift in Sources */ = {isa = PBXBuildFile; fileRef = CE4398AA2A48922300EEE16D /* ObservableType+.swift */; };
		CE6033172A45E502009333D8 /* AccountSectionTableViewCell.swift in Sources */ = {isa = PBXBuildFile; fileRef = CE6033152A45E502009333D8 /* AccountSectionTableViewCell.swift */; };
		CE6033182A45E502009333D8 /* AccountSectionTableViewCell.xib in Resources */ = {isa = PBXBuildFile; fileRef = CE6033162A45E502009333D8 /* AccountSectionTableViewCell.xib */; };
		CE60331B2A469FC9009333D8 /* AccountTableViewCell.swift in Sources */ = {isa = PBXBuildFile; fileRef = CE6033192A469FC9009333D8 /* AccountTableViewCell.swift */; };
		CE60331C2A469FC9009333D8 /* AccountTableViewCell.xib in Resources */ = {isa = PBXBuildFile; fileRef = CE60331A2A469FC9009333D8 /* AccountTableViewCell.xib */; };
		CE7D39E12A3C7657008A97D7 /* AppDelegate.swift in Sources */ = {isa = PBXBuildFile; fileRef = CE7D39E02A3C7657008A97D7 /* AppDelegate.swift */; };
		CE7D39E82A3C7657008A97D7 /* Main.storyboard in Resources */ = {isa = PBXBuildFile; fileRef = CE7D39E62A3C7657008A97D7 /* Main.storyboard */; };
		CE7D39EA2A3C7659008A97D7 /* Assets.xcassets in Resources */ = {isa = PBXBuildFile; fileRef = CE7D39E92A3C7659008A97D7 /* Assets.xcassets */; };
		CE7D39ED2A3C7659008A97D7 /* LaunchScreen.storyboard in Resources */ = {isa = PBXBuildFile; fileRef = CE7D39EB2A3C7659008A97D7 /* LaunchScreen.storyboard */; };
		CE7D39F92A3C79D5008A97D7 /* Assembler.swift in Sources */ = {isa = PBXBuildFile; fileRef = CE7D39F82A3C79D5008A97D7 /* Assembler.swift */; };
		CE7D39FC2A3CC07B008A97D7 /* Notifications.swift in Sources */ = {isa = PBXBuildFile; fileRef = CE7D39FB2A3CC07B008A97D7 /* Notifications.swift */; };
		CE7D3A002A3CC0D2008A97D7 /* Utils.swift in Sources */ = {isa = PBXBuildFile; fileRef = CE7D39FF2A3CC0D2008A97D7 /* Utils.swift */; };
		CE7D3A0A2A3CC248008A97D7 /* ViewModel.swift in Sources */ = {isa = PBXBuildFile; fileRef = CE7D3A092A3CC248008A97D7 /* ViewModel.swift */; };
		CE7D3A102A3CC553008A97D7 /* AppAssembler.swift in Sources */ = {isa = PBXBuildFile; fileRef = CE7D3A0B2A3CC552008A97D7 /* AppAssembler.swift */; };
		CE7D3A112A3CC553008A97D7 /* AppNavigator.swift in Sources */ = {isa = PBXBuildFile; fileRef = CE7D3A0C2A3CC552008A97D7 /* AppNavigator.swift */; };
		CE7D3A122A3CC553008A97D7 /* AppUseCase.swift in Sources */ = {isa = PBXBuildFile; fileRef = CE7D3A0D2A3CC553008A97D7 /* AppUseCase.swift */; };
		CE7D3A142A3CC553008A97D7 /* AppViewModel.swift in Sources */ = {isa = PBXBuildFile; fileRef = CE7D3A0F2A3CC553008A97D7 /* AppViewModel.swift */; };
		CE7D3A1A2A3CC58F008A97D7 /* MainAssembler.swift in Sources */ = {isa = PBXBuildFile; fileRef = CE7D3A152A3CC58F008A97D7 /* MainAssembler.swift */; };
		CE7D3A1B2A3CC58F008A97D7 /* MainNavigator.swift in Sources */ = {isa = PBXBuildFile; fileRef = CE7D3A162A3CC58F008A97D7 /* MainNavigator.swift */; };
		CE7D3A1C2A3CC58F008A97D7 /* MainUseCase.swift in Sources */ = {isa = PBXBuildFile; fileRef = CE7D3A172A3CC58F008A97D7 /* MainUseCase.swift */; };
		CE7D3A1D2A3CC58F008A97D7 /* MainViewController.swift in Sources */ = {isa = PBXBuildFile; fileRef = CE7D3A182A3CC58F008A97D7 /* MainViewController.swift */; };
		CE7D3A1E2A3CC58F008A97D7 /* MainViewModel.swift in Sources */ = {isa = PBXBuildFile; fileRef = CE7D3A192A3CC58F008A97D7 /* MainViewModel.swift */; };
		CE7D3A202A3CC5DF008A97D7 /* Storyboards.swift in Sources */ = {isa = PBXBuildFile; fileRef = CE7D3A1F2A3CC5DF008A97D7 /* Storyboards.swift */; };
		CE7D3A4C2A3D5A92008A97D7 /* Passcode.storyboard in Resources */ = {isa = PBXBuildFile; fileRef = CE7D3A4B2A3D5A92008A97D7 /* Passcode.storyboard */; };
		CE7D3A582A3E0B43008A97D7 /* UIApplication+.swift in Sources */ = {isa = PBXBuildFile; fileRef = CE7D3A572A3E0B43008A97D7 /* UIApplication+.swift */; };
		CE7D3A682A3E104A008A97D7 /* PasscodeAssembler.swift in Sources */ = {isa = PBXBuildFile; fileRef = CE7D3A632A3E104A008A97D7 /* PasscodeAssembler.swift */; };
		CE7D3A692A3E104A008A97D7 /* PasscodeNavigator.swift in Sources */ = {isa = PBXBuildFile; fileRef = CE7D3A642A3E104A008A97D7 /* PasscodeNavigator.swift */; };
		CE7D3A6A2A3E104A008A97D7 /* PasscodeUseCase.swift in Sources */ = {isa = PBXBuildFile; fileRef = CE7D3A652A3E104A008A97D7 /* PasscodeUseCase.swift */; };
		CE7D3A6B2A3E104A008A97D7 /* PasscodeViewController.swift in Sources */ = {isa = PBXBuildFile; fileRef = CE7D3A662A3E104A008A97D7 /* PasscodeViewController.swift */; };
		CE7D3A6C2A3E104A008A97D7 /* PasscodeViewModel.swift in Sources */ = {isa = PBXBuildFile; fileRef = CE7D3A672A3E104A008A97D7 /* PasscodeViewModel.swift */; };
		CE7D3A6E2A3E1075008A97D7 /* UIViewController+.swift in Sources */ = {isa = PBXBuildFile; fileRef = CE7D3A6D2A3E1075008A97D7 /* UIViewController+.swift */; };
		CE7D3A702A3EB468008A97D7 /* AppSettings.swift in Sources */ = {isa = PBXBuildFile; fileRef = CE7D3A6F2A3EB468008A97D7 /* AppSettings.swift */; };
		CE7D3A722A3ED256008A97D7 /* Storage.swift in Sources */ = {isa = PBXBuildFile; fileRef = CE7D3A712A3ED256008A97D7 /* Storage.swift */; };
		CE7D3A742A3EE4E3008A97D7 /* RealmService.swift in Sources */ = {isa = PBXBuildFile; fileRef = CE7D3A732A3EE4E3008A97D7 /* RealmService.swift */; };
		CE7D3A762A3EE94B008A97D7 /* Account.swift in Sources */ = {isa = PBXBuildFile; fileRef = CE7D3A752A3EE94B008A97D7 /* Account.swift */; };
/* End PBXBuildFile section */

/* Begin PBXFileReference section */
		662B5510F2BA2A4B24725A9D /* Pods-AccountKeeper.release.xcconfig */ = {isa = PBXFileReference; includeInIndex = 1; lastKnownFileType = text.xcconfig; name = "Pods-AccountKeeper.release.xcconfig"; path = "Target Support Files/Pods-AccountKeeper/Pods-AccountKeeper.release.xcconfig"; sourceTree = "<group>"; };
		97662E33E0AF42F98A937556 /* Pods_AccountKeeper.framework */ = {isa = PBXFileReference; explicitFileType = wrapper.framework; includeInIndex = 0; path = Pods_AccountKeeper.framework; sourceTree = BUILT_PRODUCTS_DIR; };
		CE2B0DE72A495A9000C0099B /* vi */ = {isa = PBXFileReference; lastKnownFileType = text.plist.strings; name = vi; path = vi.lproj/LaunchScreen.strings; sourceTree = "<group>"; };
		CE2B0DE82A495A9000C0099B /* vi */ = {isa = PBXFileReference; lastKnownFileType = text.plist.strings; name = vi; path = vi.lproj/Main.strings; sourceTree = "<group>"; };
		CE2B0DEA2A495AB200C0099B /* en */ = {isa = PBXFileReference; lastKnownFileType = text.plist.strings; name = en; path = en.lproj/Localizable.strings; sourceTree = "<group>"; };
		CE2B0DEC2A495AB600C0099B /* vi */ = {isa = PBXFileReference; lastKnownFileType = text.plist.strings; name = vi; path = vi.lproj/Localizable.strings; sourceTree = "<group>"; };
		CE2B0DED2A4965CF00C0099B /* swiftgen.yml */ = {isa = PBXFileReference; fileEncoding = 4; lastKnownFileType = text.yaml; path = swiftgen.yml; sourceTree = SOURCE_ROOT; };
		CE2B0DF22A4967B200C0099B /* XCAssets+Generated.swift */ = {isa = PBXFileReference; fileEncoding = 4; lastKnownFileType = sourcecode.swift; path = "XCAssets+Generated.swift"; sourceTree = "<group>"; };
		CE2B0DF42A4969B300C0099B /* Strings+Generated.swift */ = {isa = PBXFileReference; fileEncoding = 4; lastKnownFileType = sourcecode.swift; path = "Strings+Generated.swift"; sourceTree = "<group>"; };
		CE2B0DFA2A4973DE00C0099B /* SideMenuViewController.swift */ = {isa = PBXFileReference; lastKnownFileType = sourcecode.swift; path = SideMenuViewController.swift; sourceTree = "<group>"; };
		CE2B0E012A4973EA00C0099B /* SideMenu.storyboard */ = {isa = PBXFileReference; lastKnownFileType = file.storyboard; path = SideMenu.storyboard; sourceTree = "<group>"; };
		CE2B0E032A49764E00C0099B /* MenuCellType.swift */ = {isa = PBXFileReference; lastKnownFileType = sourcecode.swift; path = MenuCellType.swift; sourceTree = "<group>"; };
		CE2B0E0B2A49992E00C0099B /* SettingsAssembler.swift */ = {isa = PBXFileReference; lastKnownFileType = sourcecode.swift; path = SettingsAssembler.swift; sourceTree = "<group>"; };
		CE2B0E0C2A49992E00C0099B /* SettingsNavigator.swift */ = {isa = PBXFileReference; lastKnownFileType = sourcecode.swift; path = SettingsNavigator.swift; sourceTree = "<group>"; };
		CE2B0E0D2A49992E00C0099B /* SettingsUseCase.swift */ = {isa = PBXFileReference; lastKnownFileType = sourcecode.swift; path = SettingsUseCase.swift; sourceTree = "<group>"; };
		CE2B0E0E2A49992E00C0099B /* SettingsViewController.swift */ = {isa = PBXFileReference; lastKnownFileType = sourcecode.swift; path = SettingsViewController.swift; sourceTree = "<group>"; };
		CE2B0E0F2A49992E00C0099B /* SettingsViewModel.swift */ = {isa = PBXFileReference; lastKnownFileType = sourcecode.swift; path = SettingsViewModel.swift; sourceTree = "<group>"; };
		CE2B0E152A49993700C0099B /* Settings.storyboard */ = {isa = PBXFileReference; lastKnownFileType = file.storyboard; path = Settings.storyboard; sourceTree = "<group>"; };
		CE2B0E182A499EC900C0099B /* MenuTableViewCell.swift */ = {isa = PBXFileReference; lastKnownFileType = sourcecode.swift; path = MenuTableViewCell.swift; sourceTree = "<group>"; };
		CE2B0E192A499EC900C0099B /* MenuTableViewCell.xib */ = {isa = PBXFileReference; lastKnownFileType = file.xib; path = MenuTableViewCell.xib; sourceTree = "<group>"; };
		CE2B0E1E2A4AAD7C00C0099B /* SettingsTableViewCell.swift */ = {isa = PBXFileReference; lastKnownFileType = sourcecode.swift; path = SettingsTableViewCell.swift; sourceTree = "<group>"; };
		CE2B0E1F2A4AAD7C00C0099B /* SettingsTableViewCell.xib */ = {isa = PBXFileReference; lastKnownFileType = file.xib; path = SettingsTableViewCell.xib; sourceTree = "<group>"; };
		CE2B0E222A4AC60800C0099B /* SettingsCellType.swift */ = {isa = PBXFileReference; lastKnownFileType = sourcecode.swift; path = SettingsCellType.swift; sourceTree = "<group>"; };
		CE2B0E242A4ACF8300C0099B /* LAContext+.swift */ = {isa = PBXFileReference; lastKnownFileType = sourcecode.swift; path = "LAContext+.swift"; sourceTree = "<group>"; };
		CE2B0E262A4AE0D200C0099B /* PasscodEntity.swift */ = {isa = PBXFileReference; lastKnownFileType = sourcecode.swift; path = PasscodEntity.swift; sourceTree = "<group>"; };
		CE39BCB12A43603D00BCF90D /* KeychainManager.swift */ = {isa = PBXFileReference; lastKnownFileType = sourcecode.swift; path = KeychainManager.swift; sourceTree = "<group>"; };
		CE39BCB32A449C3E00BCF90D /* Realm+.swift */ = {isa = PBXFileReference; lastKnownFileType = sourcecode.swift; path = "Realm+.swift"; sourceTree = "<group>"; };
		CE43988F2A46B80B00EEE16D /* UIView+.swift */ = {isa = PBXFileReference; lastKnownFileType = sourcecode.swift; path = "UIView+.swift"; sourceTree = "<group>"; };
		CE4398932A46C28400EEE16D /* UIColor+.swift */ = {isa = PBXFileReference; lastKnownFileType = sourcecode.swift; path = "UIColor+.swift"; sourceTree = "<group>"; };
		CE4398972A46C68900EEE16D /* AccountFooterView.swift */ = {isa = PBXFileReference; lastKnownFileType = sourcecode.swift; path = AccountFooterView.swift; sourceTree = "<group>"; };
		CE4398992A46C69300EEE16D /* AccountFooterView.xib */ = {isa = PBXFileReference; lastKnownFileType = file.xib; path = AccountFooterView.xib; sourceTree = "<group>"; };
		CE43989C2A48340F00EEE16D /* AddAccountAssembler.swift */ = {isa = PBXFileReference; lastKnownFileType = sourcecode.swift; path = AddAccountAssembler.swift; sourceTree = "<group>"; };
		CE43989D2A48340F00EEE16D /* AddAccountNavigator.swift */ = {isa = PBXFileReference; lastKnownFileType = sourcecode.swift; path = AddAccountNavigator.swift; sourceTree = "<group>"; };
		CE43989E2A48340F00EEE16D /* AddAccountUseCase.swift */ = {isa = PBXFileReference; lastKnownFileType = sourcecode.swift; path = AddAccountUseCase.swift; sourceTree = "<group>"; };
		CE43989F2A48340F00EEE16D /* AddAccountViewController.swift */ = {isa = PBXFileReference; lastKnownFileType = sourcecode.swift; path = AddAccountViewController.swift; sourceTree = "<group>"; };
		CE4398A02A48340F00EEE16D /* AddAccountViewModel.swift */ = {isa = PBXFileReference; lastKnownFileType = sourcecode.swift; path = AddAccountViewModel.swift; sourceTree = "<group>"; };
		CE4398A62A48343F00EEE16D /* AddAccount.storyboard */ = {isa = PBXFileReference; lastKnownFileType = file.storyboard; path = AddAccount.storyboard; sourceTree = "<group>"; };
		CE4398A82A4882EF00EEE16D /* Constants.swift */ = {isa = PBXFileReference; lastKnownFileType = sourcecode.swift; path = Constants.swift; sourceTree = "<group>"; };
		CE4398AA2A48922300EEE16D /* ObservableType+.swift */ = {isa = PBXFileReference; lastKnownFileType = sourcecode.swift; path = "ObservableType+.swift"; sourceTree = "<group>"; };
		CE6033152A45E502009333D8 /* AccountSectionTableViewCell.swift */ = {isa = PBXFileReference; lastKnownFileType = sourcecode.swift; path = AccountSectionTableViewCell.swift; sourceTree = "<group>"; };
		CE6033162A45E502009333D8 /* AccountSectionTableViewCell.xib */ = {isa = PBXFileReference; lastKnownFileType = file.xib; path = AccountSectionTableViewCell.xib; sourceTree = "<group>"; };
		CE6033192A469FC9009333D8 /* AccountTableViewCell.swift */ = {isa = PBXFileReference; lastKnownFileType = sourcecode.swift; path = AccountTableViewCell.swift; sourceTree = "<group>"; };
		CE60331A2A469FC9009333D8 /* AccountTableViewCell.xib */ = {isa = PBXFileReference; lastKnownFileType = file.xib; path = AccountTableViewCell.xib; sourceTree = "<group>"; };
		CE7D39DD2A3C7657008A97D7 /* AccountKeeper.app */ = {isa = PBXFileReference; explicitFileType = wrapper.application; includeInIndex = 0; path = AccountKeeper.app; sourceTree = BUILT_PRODUCTS_DIR; };
		CE7D39E02A3C7657008A97D7 /* AppDelegate.swift */ = {isa = PBXFileReference; lastKnownFileType = sourcecode.swift; path = AppDelegate.swift; sourceTree = "<group>"; };
		CE7D39E72A3C7657008A97D7 /* Base */ = {isa = PBXFileReference; lastKnownFileType = file.storyboard; name = Base; path = Base.lproj/Main.storyboard; sourceTree = "<group>"; };
		CE7D39E92A3C7659008A97D7 /* Assets.xcassets */ = {isa = PBXFileReference; lastKnownFileType = folder.assetcatalog; path = Assets.xcassets; sourceTree = "<group>"; };
		CE7D39EC2A3C7659008A97D7 /* Base */ = {isa = PBXFileReference; lastKnownFileType = file.storyboard; name = Base; path = Base.lproj/LaunchScreen.storyboard; sourceTree = "<group>"; };
		CE7D39EE2A3C7659008A97D7 /* Info.plist */ = {isa = PBXFileReference; lastKnownFileType = text.plist.xml; path = Info.plist; sourceTree = "<group>"; };
		CE7D39F82A3C79D5008A97D7 /* Assembler.swift */ = {isa = PBXFileReference; lastKnownFileType = sourcecode.swift; path = Assembler.swift; sourceTree = "<group>"; };
		CE7D39FB2A3CC07B008A97D7 /* Notifications.swift */ = {isa = PBXFileReference; lastKnownFileType = sourcecode.swift; path = Notifications.swift; sourceTree = "<group>"; };
		CE7D39FF2A3CC0D2008A97D7 /* Utils.swift */ = {isa = PBXFileReference; lastKnownFileType = sourcecode.swift; path = Utils.swift; sourceTree = "<group>"; };
		CE7D3A092A3CC248008A97D7 /* ViewModel.swift */ = {isa = PBXFileReference; lastKnownFileType = sourcecode.swift; path = ViewModel.swift; sourceTree = "<group>"; };
		CE7D3A0B2A3CC552008A97D7 /* AppAssembler.swift */ = {isa = PBXFileReference; lastKnownFileType = sourcecode.swift; path = AppAssembler.swift; sourceTree = "<group>"; };
		CE7D3A0C2A3CC552008A97D7 /* AppNavigator.swift */ = {isa = PBXFileReference; lastKnownFileType = sourcecode.swift; path = AppNavigator.swift; sourceTree = "<group>"; };
		CE7D3A0D2A3CC553008A97D7 /* AppUseCase.swift */ = {isa = PBXFileReference; lastKnownFileType = sourcecode.swift; path = AppUseCase.swift; sourceTree = "<group>"; };
		CE7D3A0F2A3CC553008A97D7 /* AppViewModel.swift */ = {isa = PBXFileReference; lastKnownFileType = sourcecode.swift; path = AppViewModel.swift; sourceTree = "<group>"; };
		CE7D3A152A3CC58F008A97D7 /* MainAssembler.swift */ = {isa = PBXFileReference; lastKnownFileType = sourcecode.swift; path = MainAssembler.swift; sourceTree = "<group>"; };
		CE7D3A162A3CC58F008A97D7 /* MainNavigator.swift */ = {isa = PBXFileReference; lastKnownFileType = sourcecode.swift; path = MainNavigator.swift; sourceTree = "<group>"; };
		CE7D3A172A3CC58F008A97D7 /* MainUseCase.swift */ = {isa = PBXFileReference; lastKnownFileType = sourcecode.swift; path = MainUseCase.swift; sourceTree = "<group>"; };
		CE7D3A182A3CC58F008A97D7 /* MainViewController.swift */ = {isa = PBXFileReference; lastKnownFileType = sourcecode.swift; path = MainViewController.swift; sourceTree = "<group>"; };
		CE7D3A192A3CC58F008A97D7 /* MainViewModel.swift */ = {isa = PBXFileReference; lastKnownFileType = sourcecode.swift; path = MainViewModel.swift; sourceTree = "<group>"; };
		CE7D3A1F2A3CC5DF008A97D7 /* Storyboards.swift */ = {isa = PBXFileReference; lastKnownFileType = sourcecode.swift; path = Storyboards.swift; sourceTree = "<group>"; };
		CE7D3A4B2A3D5A92008A97D7 /* Passcode.storyboard */ = {isa = PBXFileReference; lastKnownFileType = file.storyboard; path = Passcode.storyboard; sourceTree = "<group>"; };
		CE7D3A572A3E0B43008A97D7 /* UIApplication+.swift */ = {isa = PBXFileReference; lastKnownFileType = sourcecode.swift; path = "UIApplication+.swift"; sourceTree = "<group>"; };
		CE7D3A632A3E104A008A97D7 /* PasscodeAssembler.swift */ = {isa = PBXFileReference; lastKnownFileType = sourcecode.swift; path = PasscodeAssembler.swift; sourceTree = "<group>"; };
		CE7D3A642A3E104A008A97D7 /* PasscodeNavigator.swift */ = {isa = PBXFileReference; lastKnownFileType = sourcecode.swift; path = PasscodeNavigator.swift; sourceTree = "<group>"; };
		CE7D3A652A3E104A008A97D7 /* PasscodeUseCase.swift */ = {isa = PBXFileReference; lastKnownFileType = sourcecode.swift; path = PasscodeUseCase.swift; sourceTree = "<group>"; };
		CE7D3A662A3E104A008A97D7 /* PasscodeViewController.swift */ = {isa = PBXFileReference; lastKnownFileType = sourcecode.swift; path = PasscodeViewController.swift; sourceTree = "<group>"; };
		CE7D3A672A3E104A008A97D7 /* PasscodeViewModel.swift */ = {isa = PBXFileReference; lastKnownFileType = sourcecode.swift; path = PasscodeViewModel.swift; sourceTree = "<group>"; };
		CE7D3A6D2A3E1075008A97D7 /* UIViewController+.swift */ = {isa = PBXFileReference; lastKnownFileType = sourcecode.swift; path = "UIViewController+.swift"; sourceTree = "<group>"; };
		CE7D3A6F2A3EB468008A97D7 /* AppSettings.swift */ = {isa = PBXFileReference; lastKnownFileType = sourcecode.swift; path = AppSettings.swift; sourceTree = "<group>"; };
		CE7D3A712A3ED256008A97D7 /* Storage.swift */ = {isa = PBXFileReference; lastKnownFileType = sourcecode.swift; path = Storage.swift; sourceTree = "<group>"; };
		CE7D3A732A3EE4E3008A97D7 /* RealmService.swift */ = {isa = PBXFileReference; lastKnownFileType = sourcecode.swift; path = RealmService.swift; sourceTree = "<group>"; };
		CE7D3A752A3EE94B008A97D7 /* Account.swift */ = {isa = PBXFileReference; lastKnownFileType = sourcecode.swift; path = Account.swift; sourceTree = "<group>"; };
		FBC680A55D98D84F936A4B64 /* Pods-AccountKeeper.debug.xcconfig */ = {isa = PBXFileReference; includeInIndex = 1; lastKnownFileType = text.xcconfig; name = "Pods-AccountKeeper.debug.xcconfig"; path = "Target Support Files/Pods-AccountKeeper/Pods-AccountKeeper.debug.xcconfig"; sourceTree = "<group>"; };
/* End PBXFileReference section */

/* Begin PBXFrameworksBuildPhase section */
		CE7D39DA2A3C7657008A97D7 /* Frameworks */ = {
			isa = PBXFrameworksBuildPhase;
			buildActionMask = 2147483647;
			files = (
				2C91CF7122A2A2BBCDD218FF /* Pods_AccountKeeper.framework in Frameworks */,
			);
			runOnlyForDeploymentPostprocessing = 0;
		};
/* End PBXFrameworksBuildPhase section */

/* Begin PBXGroup section */
		256732EAEAACAE569BD86D55 /* Pods */ = {
			isa = PBXGroup;
			children = (
				FBC680A55D98D84F936A4B64 /* Pods-AccountKeeper.debug.xcconfig */,
				662B5510F2BA2A4B24725A9D /* Pods-AccountKeeper.release.xcconfig */,
			);
			path = Pods;
			sourceTree = "<group>";
		};
		CE2B0DF12A49675800C0099B /* Generated */ = {
			isa = PBXGroup;
			children = (
				CE2B0DF42A4969B300C0099B /* Strings+Generated.swift */,
				CE2B0DF22A4967B200C0099B /* XCAssets+Generated.swift */,
			);
			path = Generated;
			sourceTree = "<group>";
		};
		CE2B0DF62A4973CF00C0099B /* SideMenu */ = {
			isa = PBXGroup;
			children = (
				CE2B0E172A499C0D00C0099B /* Cell */,
				CE2B0DFA2A4973DE00C0099B /* SideMenuViewController.swift */,
				CE2B0E012A4973EA00C0099B /* SideMenu.storyboard */,
			);
			path = SideMenu;
			sourceTree = "<group>";
		};
		CE2B0E0A2A49991F00C0099B /* Settings */ = {
			isa = PBXGroup;
			children = (
				CE2B0E1D2A4AAD6F00C0099B /* Cell */,
				CE2B0E0B2A49992E00C0099B /* SettingsAssembler.swift */,
				CE2B0E0C2A49992E00C0099B /* SettingsNavigator.swift */,
				CE2B0E0D2A49992E00C0099B /* SettingsUseCase.swift */,
				CE2B0E0E2A49992E00C0099B /* SettingsViewController.swift */,
				CE2B0E0F2A49992E00C0099B /* SettingsViewModel.swift */,
				CE2B0E152A49993700C0099B /* Settings.storyboard */,
			);
			path = Settings;
			sourceTree = "<group>";
		};
		CE2B0E172A499C0D00C0099B /* Cell */ = {
			isa = PBXGroup;
			children = (
				CE2B0E182A499EC900C0099B /* MenuTableViewCell.swift */,
				CE2B0E192A499EC900C0099B /* MenuTableViewCell.xib */,
			);
			path = Cell;
			sourceTree = "<group>";
		};
		CE2B0E1D2A4AAD6F00C0099B /* Cell */ = {
			isa = PBXGroup;
			children = (
				CE2B0E1E2A4AAD7C00C0099B /* SettingsTableViewCell.swift */,
				CE2B0E1F2A4AAD7C00C0099B /* SettingsTableViewCell.xib */,
			);
			path = Cell;
			sourceTree = "<group>";
		};
		CE39BCB02A43603200BCF90D /* Keychain */ = {
			isa = PBXGroup;
			children = (
				CE39BCB12A43603D00BCF90D /* KeychainManager.swift */,
			);
			path = Keychain;
			sourceTree = "<group>";
		};
		CE43989B2A4833FB00EEE16D /* AddAccount */ = {
			isa = PBXGroup;
			children = (
				CE43989C2A48340F00EEE16D /* AddAccountAssembler.swift */,
				CE43989D2A48340F00EEE16D /* AddAccountNavigator.swift */,
				CE43989E2A48340F00EEE16D /* AddAccountUseCase.swift */,
				CE43989F2A48340F00EEE16D /* AddAccountViewController.swift */,
				CE4398A02A48340F00EEE16D /* AddAccountViewModel.swift */,
				CE4398A62A48343F00EEE16D /* AddAccount.storyboard */,
			);
			path = AddAccount;
			sourceTree = "<group>";
		};
		CE6033142A45E49E009333D8 /* Cell */ = {
			isa = PBXGroup;
			children = (
				CE6033152A45E502009333D8 /* AccountSectionTableViewCell.swift */,
				CE6033162A45E502009333D8 /* AccountSectionTableViewCell.xib */,
				CE6033192A469FC9009333D8 /* AccountTableViewCell.swift */,
				CE60331A2A469FC9009333D8 /* AccountTableViewCell.xib */,
				CE4398972A46C68900EEE16D /* AccountFooterView.swift */,
				CE4398992A46C69300EEE16D /* AccountFooterView.xib */,
			);
			path = Cell;
			sourceTree = "<group>";
		};
		CE7D39D42A3C7657008A97D7 = {
			isa = PBXGroup;
			children = (
				CE7D39DF2A3C7657008A97D7 /* AccountKeeper */,
				CE7D39DE2A3C7657008A97D7 /* Products */,
				256732EAEAACAE569BD86D55 /* Pods */,
				F9CDA45CB58EDBB932C3382E /* Frameworks */,
			);
			sourceTree = "<group>";
		};
		CE7D39DE2A3C7657008A97D7 /* Products */ = {
			isa = PBXGroup;
			children = (
				CE7D39DD2A3C7657008A97D7 /* AccountKeeper.app */,
			);
			name = Products;
			sourceTree = "<group>";
		};
		CE7D39DF2A3C7657008A97D7 /* AccountKeeper */ = {
			isa = PBXGroup;
			children = (
				CE2B0DED2A4965CF00C0099B /* swiftgen.yml */,
				CE2B0DF12A49675800C0099B /* Generated */,
				CE7D39E02A3C7657008A97D7 /* AppDelegate.swift */,
				CE7D39F82A3C79D5008A97D7 /* Assembler.swift */,
				CE7D3A082A3CC1B4008A97D7 /* Resources */,
				CE7D39FA2A3CC06F008A97D7 /* Config */,
				CE7D39FD2A3CC0BA008A97D7 /* Support */,
				CE7D3A012A3CC152008A97D7 /* Domain */,
				CE7D3A042A3CC17B008A97D7 /* Data */,
				CE7D39F42A3C7997008A97D7 /* Scenes */,
			);
			path = AccountKeeper;
			sourceTree = "<group>";
		};
		CE7D39F42A3C7997008A97D7 /* Scenes */ = {
			isa = PBXGroup;
			children = (
				CE2B0E0A2A49991F00C0099B /* Settings */,
				CE2B0DF62A4973CF00C0099B /* SideMenu */,
				CE43989B2A4833FB00EEE16D /* AddAccount */,
				CE7D39F72A3C79B2008A97D7 /* Passcode */,
				CE7D39F62A3C79AE008A97D7 /* Main */,
				CE7D39F52A3C79A9008A97D7 /* App */,
			);
			path = Scenes;
			sourceTree = "<group>";
		};
		CE7D39F52A3C79A9008A97D7 /* App */ = {
			isa = PBXGroup;
			children = (
				CE7D3A0B2A3CC552008A97D7 /* AppAssembler.swift */,
				CE7D3A0C2A3CC552008A97D7 /* AppNavigator.swift */,
				CE7D3A0D2A3CC553008A97D7 /* AppUseCase.swift */,
				CE7D3A0F2A3CC553008A97D7 /* AppViewModel.swift */,
			);
			path = App;
			sourceTree = "<group>";
		};
		CE7D39F62A3C79AE008A97D7 /* Main */ = {
			isa = PBXGroup;
			children = (
				CE6033142A45E49E009333D8 /* Cell */,
				CE7D3A152A3CC58F008A97D7 /* MainAssembler.swift */,
				CE7D3A162A3CC58F008A97D7 /* MainNavigator.swift */,
				CE7D3A172A3CC58F008A97D7 /* MainUseCase.swift */,
				CE7D3A192A3CC58F008A97D7 /* MainViewModel.swift */,
				CE7D3A182A3CC58F008A97D7 /* MainViewController.swift */,
				CE7D39E62A3C7657008A97D7 /* Main.storyboard */,
			);
			path = Main;
			sourceTree = "<group>";
		};
		CE7D39F72A3C79B2008A97D7 /* Passcode */ = {
			isa = PBXGroup;
			children = (
				CE7D3A632A3E104A008A97D7 /* PasscodeAssembler.swift */,
				CE7D3A642A3E104A008A97D7 /* PasscodeNavigator.swift */,
				CE7D3A652A3E104A008A97D7 /* PasscodeUseCase.swift */,
				CE7D3A672A3E104A008A97D7 /* PasscodeViewModel.swift */,
				CE7D3A662A3E104A008A97D7 /* PasscodeViewController.swift */,
				CE7D3A4B2A3D5A92008A97D7 /* Passcode.storyboard */,
			);
			path = Passcode;
			sourceTree = "<group>";
		};
		CE7D39FA2A3CC06F008A97D7 /* Config */ = {
			isa = PBXGroup;
			children = (
				CE7D39FB2A3CC07B008A97D7 /* Notifications.swift */,
				CE7D3A092A3CC248008A97D7 /* ViewModel.swift */,
				CE7D3A1F2A3CC5DF008A97D7 /* Storyboards.swift */,
			);
			path = Config;
			sourceTree = "<group>";
		};
		CE7D39FD2A3CC0BA008A97D7 /* Support */ = {
			isa = PBXGroup;
			children = (
				CE7D39FE2A3CC0BE008A97D7 /* Extensions */,
				CE4398A82A4882EF00EEE16D /* Constants.swift */,
				CE7D39FF2A3CC0D2008A97D7 /* Utils.swift */,
			);
			path = Support;
			sourceTree = "<group>";
		};
		CE7D39FE2A3CC0BE008A97D7 /* Extensions */ = {
			isa = PBXGroup;
			children = (
				CE7D3A572A3E0B43008A97D7 /* UIApplication+.swift */,
				CE7D3A6D2A3E1075008A97D7 /* UIViewController+.swift */,
				CE39BCB32A449C3E00BCF90D /* Realm+.swift */,
				CE43988F2A46B80B00EEE16D /* UIView+.swift */,
				CE4398932A46C28400EEE16D /* UIColor+.swift */,
				CE4398AA2A48922300EEE16D /* ObservableType+.swift */,
				CE2B0E242A4ACF8300C0099B /* LAContext+.swift */,
			);
			path = Extensions;
			sourceTree = "<group>";
		};
		CE7D3A012A3CC152008A97D7 /* Domain */ = {
			isa = PBXGroup;
			children = (
				CE7D3A032A3CC162008A97D7 /* UseCases */,
				CE7D3A022A3CC15D008A97D7 /* Entities */,
			);
			path = Domain;
			sourceTree = "<group>";
		};
		CE7D3A022A3CC15D008A97D7 /* Entities */ = {
			isa = PBXGroup;
			children = (
				CE7D3A752A3EE94B008A97D7 /* Account.swift */,
				CE2B0E032A49764E00C0099B /* MenuCellType.swift */,
				CE2B0E222A4AC60800C0099B /* SettingsCellType.swift */,
				CE2B0E262A4AE0D200C0099B /* PasscodEntity.swift */,
			);
			path = Entities;
			sourceTree = "<group>";
		};
		CE7D3A032A3CC162008A97D7 /* UseCases */ = {
			isa = PBXGroup;
			children = (
			);
			path = UseCases;
			sourceTree = "<group>";
		};
		CE7D3A042A3CC17B008A97D7 /* Data */ = {
			isa = PBXGroup;
			children = (
				CE39BCB02A43603200BCF90D /* Keychain */,
				CE7D3A072A3CC1A1008A97D7 /* Realm */,
				CE7D3A062A3CC196008A97D7 /* UserDefaults */,
				CE7D3A052A3CC18A008A97D7 /* Gateways */,
			);
			path = Data;
			sourceTree = "<group>";
		};
		CE7D3A052A3CC18A008A97D7 /* Gateways */ = {
			isa = PBXGroup;
			children = (
			);
			path = Gateways;
			sourceTree = "<group>";
		};
		CE7D3A062A3CC196008A97D7 /* UserDefaults */ = {
			isa = PBXGroup;
			children = (
				CE7D3A6F2A3EB468008A97D7 /* AppSettings.swift */,
				CE7D3A712A3ED256008A97D7 /* Storage.swift */,
			);
			path = UserDefaults;
			sourceTree = "<group>";
		};
		CE7D3A072A3CC1A1008A97D7 /* Realm */ = {
			isa = PBXGroup;
			children = (
				CE7D3A732A3EE4E3008A97D7 /* RealmService.swift */,
			);
			path = Realm;
			sourceTree = "<group>";
		};
		CE7D3A082A3CC1B4008A97D7 /* Resources */ = {
			isa = PBXGroup;
			children = (
				CE7D39EE2A3C7659008A97D7 /* Info.plist */,
				CE7D39E92A3C7659008A97D7 /* Assets.xcassets */,
				CE7D39EB2A3C7659008A97D7 /* LaunchScreen.storyboard */,
				CE2B0DEB2A495AB200C0099B /* Localizable.strings */,
			);
			path = Resources;
			sourceTree = "<group>";
		};
		F9CDA45CB58EDBB932C3382E /* Frameworks */ = {
			isa = PBXGroup;
			children = (
				97662E33E0AF42F98A937556 /* Pods_AccountKeeper.framework */,
			);
			name = Frameworks;
			sourceTree = "<group>";
		};
/* End PBXGroup section */

/* Begin PBXNativeTarget section */
		CE7D39DC2A3C7657008A97D7 /* AccountKeeper */ = {
			isa = PBXNativeTarget;
			buildConfigurationList = CE7D39F12A3C7659008A97D7 /* Build configuration list for PBXNativeTarget "AccountKeeper" */;
			buildPhases = (
				84A2302DAE8237C95E8E0C80 /* [CP] Check Pods Manifest.lock */,
				CE2B0DF02A49662100C0099B /* SwiftGen */,
				CE7D39D92A3C7657008A97D7 /* Sources */,
				CE7D39DA2A3C7657008A97D7 /* Frameworks */,
				CE7D39DB2A3C7657008A97D7 /* Resources */,
				CE7D3A782A435668008A97D7 /* Swiftlint */,
			);
			buildRules = (
			);
			dependencies = (
			);
			name = AccountKeeper;
			productName = AccountKeeper;
			productReference = CE7D39DD2A3C7657008A97D7 /* AccountKeeper.app */;
			productType = "com.apple.product-type.application";
		};
/* End PBXNativeTarget section */

/* Begin PBXProject section */
		CE7D39D52A3C7657008A97D7 /* Project object */ = {
			isa = PBXProject;
			attributes = {
				BuildIndependentTargetsInParallel = 1;
				LastSwiftUpdateCheck = 1400;
				LastUpgradeCheck = 1400;
				TargetAttributes = {
					CE7D39DC2A3C7657008A97D7 = {
						CreatedOnToolsVersion = 14.0;
					};
				};
			};
			buildConfigurationList = CE7D39D82A3C7657008A97D7 /* Build configuration list for PBXProject "AccountKeeper" */;
			compatibilityVersion = "Xcode 14.0";
			developmentRegion = en;
			hasScannedForEncodings = 0;
			knownRegions = (
				en,
				Base,
				vi,
			);
			mainGroup = CE7D39D42A3C7657008A97D7;
			productRefGroup = CE7D39DE2A3C7657008A97D7 /* Products */;
			projectDirPath = "";
			projectRoot = "";
			targets = (
				CE7D39DC2A3C7657008A97D7 /* AccountKeeper */,
			);
		};
/* End PBXProject section */

/* Begin PBXResourcesBuildPhase section */
		CE7D39DB2A3C7657008A97D7 /* Resources */ = {
			isa = PBXResourcesBuildPhase;
			buildActionMask = 2147483647;
			files = (
				CE2B0E212A4AAD7C00C0099B /* SettingsTableViewCell.xib in Resources */,
				CE7D3A4C2A3D5A92008A97D7 /* Passcode.storyboard in Resources */,
				CE2B0E022A4973EA00C0099B /* SideMenu.storyboard in Resources */,
				CE2B0DEE2A4965CF00C0099B /* swiftgen.yml in Resources */,
				CE2B0E162A49993700C0099B /* Settings.storyboard in Resources */,
				CE60331C2A469FC9009333D8 /* AccountTableViewCell.xib in Resources */,
				CE4398A72A48343F00EEE16D /* AddAccount.storyboard in Resources */,
				CE43989A2A46C69300EEE16D /* AccountFooterView.xib in Resources */,
				CE2B0DE92A495AB200C0099B /* Localizable.strings in Resources */,
				CE2B0E1B2A499EC900C0099B /* MenuTableViewCell.xib in Resources */,
				CE6033182A45E502009333D8 /* AccountSectionTableViewCell.xib in Resources */,
				CE7D39ED2A3C7659008A97D7 /* LaunchScreen.storyboard in Resources */,
				CE7D39EA2A3C7659008A97D7 /* Assets.xcassets in Resources */,
				CE7D39E82A3C7657008A97D7 /* Main.storyboard in Resources */,
			);
			runOnlyForDeploymentPostprocessing = 0;
		};
/* End PBXResourcesBuildPhase section */

/* Begin PBXShellScriptBuildPhase section */
		84A2302DAE8237C95E8E0C80 /* [CP] Check Pods Manifest.lock */ = {
			isa = PBXShellScriptBuildPhase;
			buildActionMask = 2147483647;
			files = (
			);
			inputFileListPaths = (
			);
			inputPaths = (
				"${PODS_PODFILE_DIR_PATH}/Podfile.lock",
				"${PODS_ROOT}/Manifest.lock",
			);
			name = "[CP] Check Pods Manifest.lock";
			outputFileListPaths = (
			);
			outputPaths = (
				"$(DERIVED_FILE_DIR)/Pods-AccountKeeper-checkManifestLockResult.txt",
			);
			runOnlyForDeploymentPostprocessing = 0;
			shellPath = /bin/sh;
			shellScript = "diff \"${PODS_PODFILE_DIR_PATH}/Podfile.lock\" \"${PODS_ROOT}/Manifest.lock\" > /dev/null\nif [ $? != 0 ] ; then\n    # print error to STDERR\n    echo \"error: The sandbox is not in sync with the Podfile.lock. Run 'pod install' or update your CocoaPods installation.\" >&2\n    exit 1\nfi\n# This output is used by Xcode 'outputs' to avoid re-running this script phase.\necho \"SUCCESS\" > \"${SCRIPT_OUTPUT_FILE_0}\"\n";
			showEnvVarsInLog = 0;
		};
		CE2B0DF02A49662100C0099B /* SwiftGen */ = {
			isa = PBXShellScriptBuildPhase;
			buildActionMask = 2147483647;
			files = (
			);
			inputFileListPaths = (
			);
			inputPaths = (
			);
			name = SwiftGen;
			outputFileListPaths = (
			);
			outputPaths = (
			);
			runOnlyForDeploymentPostprocessing = 0;
			shellPath = /bin/sh;
			shellScript = "# Type a script or drag a script file from your workspace to insert its path.\nif [[ -f \"${PODS_ROOT}/SwiftGen/bin/swiftgen\" ]]; then\n  \"${PODS_ROOT}/SwiftGen/bin/swiftgen\"\nelse\n  echo \"warning: SwiftGen is not installed. Run 'pod install --repo-update' to install it.\"\nfi \n";
		};
		CE7D3A782A435668008A97D7 /* Swiftlint */ = {
			isa = PBXShellScriptBuildPhase;
			alwaysOutOfDate = 1;
			buildActionMask = 2147483647;
			files = (
			);
			inputFileListPaths = (
			);
			inputPaths = (
			);
			name = Swiftlint;
			outputFileListPaths = (
			);
			outputPaths = (
			);
			runOnlyForDeploymentPostprocessing = 0;
			shellPath = /bin/sh;
			shellScript = "# Type a script or drag a script file from your workspace to insert its path.\n if which swiftlint >/dev/null; then\n  swiftlint\nelse\n  echo \"warning: SwiftLint not installed, download from https://github.com/realm/SwiftLint\"\nfi\n";
		};
/* End PBXShellScriptBuildPhase section */

/* Begin PBXSourcesBuildPhase section */
		CE7D39D92A3C7657008A97D7 /* Sources */ = {
			isa = PBXSourcesBuildPhase;
			buildActionMask = 2147483647;
			files = (
				CE7D3A002A3CC0D2008A97D7 /* Utils.swift in Sources */,
				CE2B0E102A49992E00C0099B /* SettingsAssembler.swift in Sources */,
				CE2B0E112A49992E00C0099B /* SettingsNavigator.swift in Sources */,
				CE7D3A762A3EE94B008A97D7 /* Account.swift in Sources */,
				CE4398A52A48340F00EEE16D /* AddAccountViewModel.swift in Sources */,
				CE7D3A692A3E104A008A97D7 /* PasscodeNavigator.swift in Sources */,
				CE7D3A582A3E0B43008A97D7 /* UIApplication+.swift in Sources */,
				CE7D3A1A2A3CC58F008A97D7 /* MainAssembler.swift in Sources */,
				CE2B0DF32A4967B200C0099B /* XCAssets+Generated.swift in Sources */,
				CE7D3A1C2A3CC58F008A97D7 /* MainUseCase.swift in Sources */,
				CE7D3A722A3ED256008A97D7 /* Storage.swift in Sources */,
				CE2B0E202A4AAD7C00C0099B /* SettingsTableViewCell.swift in Sources */,
				CE7D3A112A3CC553008A97D7 /* AppNavigator.swift in Sources */,
				CE7D3A1E2A3CC58F008A97D7 /* MainViewModel.swift in Sources */,
				CE4398A32A48340F00EEE16D /* AddAccountUseCase.swift in Sources */,
				CE60331B2A469FC9009333D8 /* AccountTableViewCell.swift in Sources */,
				CE2B0E232A4AC60800C0099B /* SettingsCellType.swift in Sources */,
				CE7D39FC2A3CC07B008A97D7 /* Notifications.swift in Sources */,
				CE4398902A46B80B00EEE16D /* UIView+.swift in Sources */,
				CE7D3A6E2A3E1075008A97D7 /* UIViewController+.swift in Sources */,
				CE2B0E042A49764E00C0099B /* MenuCellType.swift in Sources */,
				CE7D3A202A3CC5DF008A97D7 /* Storyboards.swift in Sources */,
				CE7D3A682A3E104A008A97D7 /* PasscodeAssembler.swift in Sources */,
				CE39BCB22A43603D00BCF90D /* KeychainManager.swift in Sources */,
				CE4398A42A48340F00EEE16D /* AddAccountViewController.swift in Sources */,
				CE2B0E132A49992E00C0099B /* SettingsViewController.swift in Sources */,
				CE2B0E1A2A499EC900C0099B /* MenuTableViewCell.swift in Sources */,
				CE2B0E252A4ACF8300C0099B /* LAContext+.swift in Sources */,
				CE7D3A702A3EB468008A97D7 /* AppSettings.swift in Sources */,
				CE4398A92A4882EF00EEE16D /* Constants.swift in Sources */,
				CE39BCB42A449C3E00BCF90D /* Realm+.swift in Sources */,
				CE2B0E142A49992E00C0099B /* SettingsViewModel.swift in Sources */,
				CE7D3A102A3CC553008A97D7 /* AppAssembler.swift in Sources */,
				CE7D3A1D2A3CC58F008A97D7 /* MainViewController.swift in Sources */,
				CE4398A22A48340F00EEE16D /* AddAccountNavigator.swift in Sources */,
				CE6033172A45E502009333D8 /* AccountSectionTableViewCell.swift in Sources */,
				CE4398AB2A48922300EEE16D /* ObservableType+.swift in Sources */,
				CE7D3A6B2A3E104A008A97D7 /* PasscodeViewController.swift in Sources */,
				CE4398A12A48340F00EEE16D /* AddAccountAssembler.swift in Sources */,
				CE7D3A6C2A3E104A008A97D7 /* PasscodeViewModel.swift in Sources */,
				CE4398942A46C28400EEE16D /* UIColor+.swift in Sources */,
				CE2B0DF52A4969B300C0099B /* Strings+Generated.swift in Sources */,
				CE7D39F92A3C79D5008A97D7 /* Assembler.swift in Sources */,
				CE7D3A122A3CC553008A97D7 /* AppUseCase.swift in Sources */,
				CE7D3A142A3CC553008A97D7 /* AppViewModel.swift in Sources */,
				CE7D3A6A2A3E104A008A97D7 /* PasscodeUseCase.swift in Sources */,
				CE7D3A0A2A3CC248008A97D7 /* ViewModel.swift in Sources */,
				CE7D3A1B2A3CC58F008A97D7 /* MainNavigator.swift in Sources */,
				CE2B0E122A49992E00C0099B /* SettingsUseCase.swift in Sources */,
				CE2B0DFF2A4973DE00C0099B /* SideMenuViewController.swift in Sources */,
				CE7D39E12A3C7657008A97D7 /* AppDelegate.swift in Sources */,
				CE7D3A742A3EE4E3008A97D7 /* RealmService.swift in Sources */,
				CE2B0E272A4AE0D200C0099B /* PasscodEntity.swift in Sources */,
				CE4398982A46C68900EEE16D /* AccountFooterView.swift in Sources */,
			);
			runOnlyForDeploymentPostprocessing = 0;
		};
/* End PBXSourcesBuildPhase section */

/* Begin PBXVariantGroup section */
		CE2B0DEB2A495AB200C0099B /* Localizable.strings */ = {
			isa = PBXVariantGroup;
			children = (
				CE2B0DEA2A495AB200C0099B /* en */,
				CE2B0DEC2A495AB600C0099B /* vi */,
			);
			name = Localizable.strings;
			sourceTree = "<group>";
		};
		CE7D39E62A3C7657008A97D7 /* Main.storyboard */ = {
			isa = PBXVariantGroup;
			children = (
				CE7D39E72A3C7657008A97D7 /* Base */,
				CE2B0DE82A495A9000C0099B /* vi */,
			);
			name = Main.storyboard;
			sourceTree = "<group>";
		};
		CE7D39EB2A3C7659008A97D7 /* LaunchScreen.storyboard */ = {
			isa = PBXVariantGroup;
			children = (
				CE7D39EC2A3C7659008A97D7 /* Base */,
				CE2B0DE72A495A9000C0099B /* vi */,
			);
			name = LaunchScreen.storyboard;
			sourceTree = "<group>";
		};
/* End PBXVariantGroup section */

/* Begin XCBuildConfiguration section */
		CE7D39EF2A3C7659008A97D7 /* Debug */ = {
			isa = XCBuildConfiguration;
			buildSettings = {
				ALWAYS_SEARCH_USER_PATHS = NO;
				CLANG_ANALYZER_LOCALIZABILITY_NONLOCALIZED = YES;
				CLANG_ANALYZER_NONNULL = YES;
				CLANG_ANALYZER_NUMBER_OBJECT_CONVERSION = YES_AGGRESSIVE;
				CLANG_CXX_LANGUAGE_STANDARD = "gnu++20";
				CLANG_ENABLE_MODULES = YES;
				CLANG_ENABLE_OBJC_ARC = YES;
				CLANG_ENABLE_OBJC_WEAK = YES;
				CLANG_WARN_BLOCK_CAPTURE_AUTORELEASING = YES;
				CLANG_WARN_BOOL_CONVERSION = YES;
				CLANG_WARN_COMMA = YES;
				CLANG_WARN_CONSTANT_CONVERSION = YES;
				CLANG_WARN_DEPRECATED_OBJC_IMPLEMENTATIONS = YES;
				CLANG_WARN_DIRECT_OBJC_ISA_USAGE = YES_ERROR;
				CLANG_WARN_DOCUMENTATION_COMMENTS = YES;
				CLANG_WARN_EMPTY_BODY = YES;
				CLANG_WARN_ENUM_CONVERSION = YES;
				CLANG_WARN_INFINITE_RECURSION = YES;
				CLANG_WARN_INT_CONVERSION = YES;
				CLANG_WARN_NON_LITERAL_NULL_CONVERSION = YES;
				CLANG_WARN_OBJC_IMPLICIT_RETAIN_SELF = YES;
				CLANG_WARN_OBJC_LITERAL_CONVERSION = YES;
				CLANG_WARN_OBJC_ROOT_CLASS = YES_ERROR;
				CLANG_WARN_QUOTED_INCLUDE_IN_FRAMEWORK_HEADER = YES;
				CLANG_WARN_RANGE_LOOP_ANALYSIS = YES;
				CLANG_WARN_STRICT_PROTOTYPES = YES;
				CLANG_WARN_SUSPICIOUS_MOVE = YES;
				CLANG_WARN_UNGUARDED_AVAILABILITY = YES_AGGRESSIVE;
				CLANG_WARN_UNREACHABLE_CODE = YES;
				CLANG_WARN__DUPLICATE_METHOD_MATCH = YES;
				COPY_PHASE_STRIP = NO;
				DEBUG_INFORMATION_FORMAT = dwarf;
				ENABLE_STRICT_OBJC_MSGSEND = YES;
				ENABLE_TESTABILITY = YES;
				GCC_C_LANGUAGE_STANDARD = gnu11;
				GCC_DYNAMIC_NO_PIC = NO;
				GCC_NO_COMMON_BLOCKS = YES;
				GCC_OPTIMIZATION_LEVEL = 0;
				GCC_PREPROCESSOR_DEFINITIONS = (
					"DEBUG=1",
					"$(inherited)",
				);
				GCC_WARN_64_TO_32_BIT_CONVERSION = YES;
				GCC_WARN_ABOUT_RETURN_TYPE = YES_ERROR;
				GCC_WARN_UNDECLARED_SELECTOR = YES;
				GCC_WARN_UNINITIALIZED_AUTOS = YES_AGGRESSIVE;
				GCC_WARN_UNUSED_FUNCTION = YES;
				GCC_WARN_UNUSED_VARIABLE = YES;
				IPHONEOS_DEPLOYMENT_TARGET = 16.0;
				MTL_ENABLE_DEBUG_INFO = INCLUDE_SOURCE;
				MTL_FAST_MATH = YES;
				ONLY_ACTIVE_ARCH = YES;
				SDKROOT = iphoneos;
				SWIFT_ACTIVE_COMPILATION_CONDITIONS = DEBUG;
				SWIFT_OPTIMIZATION_LEVEL = "-Onone";
			};
			name = Debug;
		};
		CE7D39F02A3C7659008A97D7 /* Release */ = {
			isa = XCBuildConfiguration;
			buildSettings = {
				ALWAYS_SEARCH_USER_PATHS = NO;
				CLANG_ANALYZER_LOCALIZABILITY_NONLOCALIZED = YES;
				CLANG_ANALYZER_NONNULL = YES;
				CLANG_ANALYZER_NUMBER_OBJECT_CONVERSION = YES_AGGRESSIVE;
				CLANG_CXX_LANGUAGE_STANDARD = "gnu++20";
				CLANG_ENABLE_MODULES = YES;
				CLANG_ENABLE_OBJC_ARC = YES;
				CLANG_ENABLE_OBJC_WEAK = YES;
				CLANG_WARN_BLOCK_CAPTURE_AUTORELEASING = YES;
				CLANG_WARN_BOOL_CONVERSION = YES;
				CLANG_WARN_COMMA = YES;
				CLANG_WARN_CONSTANT_CONVERSION = YES;
				CLANG_WARN_DEPRECATED_OBJC_IMPLEMENTATIONS = YES;
				CLANG_WARN_DIRECT_OBJC_ISA_USAGE = YES_ERROR;
				CLANG_WARN_DOCUMENTATION_COMMENTS = YES;
				CLANG_WARN_EMPTY_BODY = YES;
				CLANG_WARN_ENUM_CONVERSION = YES;
				CLANG_WARN_INFINITE_RECURSION = YES;
				CLANG_WARN_INT_CONVERSION = YES;
				CLANG_WARN_NON_LITERAL_NULL_CONVERSION = YES;
				CLANG_WARN_OBJC_IMPLICIT_RETAIN_SELF = YES;
				CLANG_WARN_OBJC_LITERAL_CONVERSION = YES;
				CLANG_WARN_OBJC_ROOT_CLASS = YES_ERROR;
				CLANG_WARN_QUOTED_INCLUDE_IN_FRAMEWORK_HEADER = YES;
				CLANG_WARN_RANGE_LOOP_ANALYSIS = YES;
				CLANG_WARN_STRICT_PROTOTYPES = YES;
				CLANG_WARN_SUSPICIOUS_MOVE = YES;
				CLANG_WARN_UNGUARDED_AVAILABILITY = YES_AGGRESSIVE;
				CLANG_WARN_UNREACHABLE_CODE = YES;
				CLANG_WARN__DUPLICATE_METHOD_MATCH = YES;
				COPY_PHASE_STRIP = NO;
				DEBUG_INFORMATION_FORMAT = "dwarf-with-dsym";
				ENABLE_NS_ASSERTIONS = NO;
				ENABLE_STRICT_OBJC_MSGSEND = YES;
				GCC_C_LANGUAGE_STANDARD = gnu11;
				GCC_NO_COMMON_BLOCKS = YES;
				GCC_WARN_64_TO_32_BIT_CONVERSION = YES;
				GCC_WARN_ABOUT_RETURN_TYPE = YES_ERROR;
				GCC_WARN_UNDECLARED_SELECTOR = YES;
				GCC_WARN_UNINITIALIZED_AUTOS = YES_AGGRESSIVE;
				GCC_WARN_UNUSED_FUNCTION = YES;
				GCC_WARN_UNUSED_VARIABLE = YES;
				IPHONEOS_DEPLOYMENT_TARGET = 16.0;
				MTL_ENABLE_DEBUG_INFO = NO;
				MTL_FAST_MATH = YES;
				SDKROOT = iphoneos;
				SWIFT_COMPILATION_MODE = wholemodule;
				SWIFT_OPTIMIZATION_LEVEL = "-O";
				VALIDATE_PRODUCT = YES;
			};
			name = Release;
		};
		CE7D39F22A3C7659008A97D7 /* Debug */ = {
			isa = XCBuildConfiguration;
			baseConfigurationReference = FBC680A55D98D84F936A4B64 /* Pods-AccountKeeper.debug.xcconfig */;
			buildSettings = {
				ASSETCATALOG_COMPILER_APPICON_NAME = AppIcon;
				ASSETCATALOG_COMPILER_GLOBAL_ACCENT_COLOR_NAME = AccentColor;
				CODE_SIGN_STYLE = Automatic;
				CURRENT_PROJECT_VERSION = 1;
				DEVELOPMENT_TEAM = 42BJ859V33;
				GENERATE_INFOPLIST_FILE = YES;
				INFOPLIST_FILE = AccountKeeper/Info.plist;
				INFOPLIST_KEY_UIApplicationSupportsIndirectInputEvents = YES;
				INFOPLIST_KEY_UILaunchStoryboardName = LaunchScreen;
				INFOPLIST_KEY_UIMainStoryboardFile = "";
				INFOPLIST_KEY_UISupportedInterfaceOrientations_iPad = "UIInterfaceOrientationPortrait UIInterfaceOrientationPortraitUpsideDown UIInterfaceOrientationLandscapeLeft UIInterfaceOrientationLandscapeRight";
				INFOPLIST_KEY_UISupportedInterfaceOrientations_iPhone = "UIInterfaceOrientationPortrait UIInterfaceOrientationLandscapeLeft UIInterfaceOrientationLandscapeRight";
				IPHONEOS_DEPLOYMENT_TARGET = 13.0;
				LD_RUNPATH_SEARCH_PATHS = (
					"$(inherited)",
					"@executable_path/Frameworks",
				);
				MARKETING_VERSION = 1.0;
				PRODUCT_BUNDLE_IDENTIFIER = com.namtn.AccountKeeper;
				PRODUCT_NAME = "$(TARGET_NAME)";
				SWIFT_EMIT_LOC_STRINGS = YES;
				SWIFT_VERSION = 5.0;
				TARGETED_DEVICE_FAMILY = "1,2";
			};
			name = Debug;
		};
		CE7D39F32A3C7659008A97D7 /* Release */ = {
			isa = XCBuildConfiguration;
			baseConfigurationReference = 662B5510F2BA2A4B24725A9D /* Pods-AccountKeeper.release.xcconfig */;
			buildSettings = {
				ASSETCATALOG_COMPILER_APPICON_NAME = AppIcon;
				ASSETCATALOG_COMPILER_GLOBAL_ACCENT_COLOR_NAME = AccentColor;
				CODE_SIGN_STYLE = Automatic;
				CURRENT_PROJECT_VERSION = 1;
				DEVELOPMENT_TEAM = 42BJ859V33;
				GENERATE_INFOPLIST_FILE = YES;
				INFOPLIST_FILE = AccountKeeper/Info.plist;
				INFOPLIST_KEY_UIApplicationSupportsIndirectInputEvents = YES;
				INFOPLIST_KEY_UILaunchStoryboardName = LaunchScreen;
				INFOPLIST_KEY_UIMainStoryboardFile = "";
				INFOPLIST_KEY_UISupportedInterfaceOrientations_iPad = "UIInterfaceOrientationPortrait UIInterfaceOrientationPortraitUpsideDown UIInterfaceOrientationLandscapeLeft UIInterfaceOrientationLandscapeRight";
				INFOPLIST_KEY_UISupportedInterfaceOrientations_iPhone = "UIInterfaceOrientationPortrait UIInterfaceOrientationLandscapeLeft UIInterfaceOrientationLandscapeRight";
				IPHONEOS_DEPLOYMENT_TARGET = 13.0;
				LD_RUNPATH_SEARCH_PATHS = (
					"$(inherited)",
					"@executable_path/Frameworks",
				);
				MARKETING_VERSION = 1.0;
				PRODUCT_BUNDLE_IDENTIFIER = com.namtn.AccountKeeper;
				PRODUCT_NAME = "$(TARGET_NAME)";
				SWIFT_EMIT_LOC_STRINGS = YES;
				SWIFT_VERSION = 5.0;
				TARGETED_DEVICE_FAMILY = "1,2";
			};
			name = Release;
		};
/* End XCBuildConfiguration section */

/* Begin XCConfigurationList section */
		CE7D39D82A3C7657008A97D7 /* Build configuration list for PBXProject "AccountKeeper" */ = {
			isa = XCConfigurationList;
			buildConfigurations = (
				CE7D39EF2A3C7659008A97D7 /* Debug */,
				CE7D39F02A3C7659008A97D7 /* Release */,
			);
			defaultConfigurationIsVisible = 0;
			defaultConfigurationName = Release;
		};
		CE7D39F12A3C7659008A97D7 /* Build configuration list for PBXNativeTarget "AccountKeeper" */ = {
			isa = XCConfigurationList;
			buildConfigurations = (
				CE7D39F22A3C7659008A97D7 /* Debug */,
				CE7D39F32A3C7659008A97D7 /* Release */,
			);
			defaultConfigurationIsVisible = 0;
			defaultConfigurationName = Release;
		};
/* End XCConfigurationList section */
	};
	rootObject = CE7D39D52A3C7657008A97D7 /* Project object */;
}
